{
  "requires": true,
  "lockfileVersion": 1,
  "dependencies": {
    "@types/knockout": {
      "version": "3.4.43",
      "resolved": "https://registry.npmjs.org/@types/knockout/-/knockout-3.4.43.tgz",
      "integrity": "sha512-EuSmuuaTy0lSWcESx+IUpjNFy2usZX8WvVa43CatyvbzaMJkHmXFZcju3NNWndw+n1eNj5PSAHKPpkHijwbeIA=="
    },
    "amdefine": {
      "version": "1.0.1",
      "resolved": "https://registry.npmjs.org/amdefine/-/amdefine-1.0.1.tgz",
      "integrity": "sha1-SlKCrBZHKek2Gbz9OtFR+BfOkfU="
    },
    "async": {
      "version": "0.2.10",
      "resolved": "https://registry.npmjs.org/async/-/async-0.2.10.tgz",
      "integrity": "sha1-trvgsGdLnXGXCMo43owjfLUmw9E="
    },
    "core-js": {
      "version": "2.4.1",
      "resolved": "https://registry.npmjs.org/core-js/-/core-js-2.4.1.tgz",
      "integrity": "sha1-TekR5mew6ukSTjQlS1OupvxhjT4="
    },
    "hammerjs": {
      "version": "2.0.8",
      "resolved": "https://registry.npmjs.org/hammerjs/-/hammerjs-2.0.8.tgz",
      "integrity": "sha1-BO93hiz/K7edMPdpIJWTAiK/YPE="
    },
    "isarray": {
      "version": "0.0.1",
      "resolved": "https://registry.npmjs.org/isarray/-/isarray-0.0.1.tgz",
      "integrity": "sha1-ihis/Kmo9Bd+Cav8YDiTmwXR7t8="
    },
    "jquery": {
      "version": "3.2.1",
      "resolved": "https://registry.npmjs.org/jquery/-/jquery-3.2.1.tgz",
      "integrity": "sha1-XE2d5lKvbNCncBVKYxu6ErAVx4c="
    },
    "knockout": {
      "version": "3.4.2",
      "resolved": "https://registry.npmjs.org/knockout/-/knockout-3.4.2.tgz",
      "integrity": "sha1-6HlY3netHpNvfOZFuri118RW2Tc="
    },
    "knockout-mapping": {
      "version": "2.6.0",
      "resolved": "https://registry.npmjs.org/knockout-mapping/-/knockout-mapping-2.6.0.tgz",
      "integrity": "sha1-BSdZ0B7PMNSUfo6+ZK0sgpM/Bv8="
    },
    "knockout-popup-template": {
      "version": "1.9.2",
      "resolved": "https://registry.npmjs.org/knockout-popup-template/-/knockout-popup-template-1.9.2.tgz",
      "integrity": "sha1-9ioCN7WcRAFKXqQYSHAuBSHx8HQ="
    },
    "knockout-validations-extender": {
      "version": "1.0.1",
      "resolved": "https://registry.npmjs.org/knockout-validations-extender/-/knockout-validations-extender-1.0.1.tgz",
      "integrity": "sha1-DyOEjg8cFxiLlz6eAg/Wp6+Ga8s=",
      "requires": {
        "knockout": "3.4.2",
        "lodash": "2.4.2",
        "loglevel": "1.4.1",
        "promiz": "0.3.2"
      }
    },
    "knockout.autocomplete": {
      "version": "1.7.1",
      "resolved": "https://registry.npmjs.org/knockout.autocomplete/-/knockout.autocomplete-1.7.1.tgz",
      "integrity": "sha1-/z9iBlZi7AmwmKM2rf2QC89iB/E="
    },
    "knockout.validation": {
      "version": "2.0.3",
      "resolved": "https://registry.npmjs.org/knockout.validation/-/knockout.validation-2.0.3.tgz",
      "integrity": "sha1-iZ3lIyNk4ezV2UbggPaiYpMEYyk="
    },
    "ko-component-router": {
      "version": "5.0.1",
      "resolved": "https://registry.npmjs.org/ko-component-router/-/ko-component-router-5.0.1.tgz",
      "integrity": "sha512-MNoT3LkaNV2pnVhD3TzjG5qoxjFOBxfQqgMqoiPmkEmu3ounTz8ibuSBebEiryXTKNwNz3+TmymQkEnv0G6znA==",
      "requires": {
        "@types/knockout": "3.4.43",
        "core-js": "2.4.1",
        "lodash-es": "4.17.4",
        "path-to-regexp": "1.7.0",
        "tslib": "1.7.1",
        "typescript": "2.4.2"
      }
    },
    "ko-infinitescroll": {
      "version": "1.0.1",
      "resolved": "https://registry.npmjs.org/ko-infinitescroll/-/ko-infinitescroll-1.0.1.tgz",
      "integrity": "sha1-Fxpxhm62NG0J9zEldA19+OF4jG0="
    },
    "lodash": {
      "version": "2.4.2",
      "resolved": "https://registry.npmjs.org/lodash/-/lodash-2.4.2.tgz",
      "integrity": "sha1-+t2DS5aDBz2hebPq5tnA0VBT9z4="
    },
    "lodash-es": {
      "version": "4.17.4",
      "resolved": "https://registry.npmjs.org/lodash-es/-/lodash-es-4.17.4.tgz",
      "integrity": "sha1-3MHXVS4VCgZABzupyzHXDwMpUOc="
    },
    "loglevel": {
      "version": "1.4.1",
      "resolved": "https://registry.npmjs.org/loglevel/-/loglevel-1.4.1.tgz",
      "integrity": "sha1-lbOD+Ro8J1b9SrCTZn5DCRYfK80="
    },
    "materialize": {
      "version": "1.0.0",
      "resolved": "https://registry.npmjs.org/materialize/-/materialize-1.0.0.tgz",
      "integrity": "sha1-PpHIqMJUdacyTgYro0uvccSjNKo="
    },
    "materialize-css": {
      "version": "0.100.1",
      "resolved": "https://registry.npmjs.org/materialize-css/-/materialize-css-0.100.1.tgz",
      "integrity": "sha512-FMAC4R+DRA78ADNyDtfl7qcsT3y9fgVEWWNY9dq6keIVRxmwGFly7ZwNpXMJzf0qkqipEhLcx1rAIyj+hUJVKg==",
      "requires": {
        "hammerjs": "2.0.8",
        "jquery": "3.2.1"
      }
    },
    "optimist": {
      "version": "0.3.7",
      "resolved": "https://registry.npmjs.org/optimist/-/optimist-0.3.7.tgz",
      "integrity": "sha1-yQlBrVnkJzMokjB00s8ufLxuwNk=",
      "requires": {
        "wordwrap": "0.0.3"
      }
    },
    "owl.carousel": {
      "version": "2.2.0",
      "resolved": "https://registry.npmjs.org/owl.carousel/-/owl.carousel-2.2.0.tgz",
      "integrity": "sha1-81mNAeYHV7wQeys8YSMbEUDPNgw=",
      "requires": {
        "jquery": "3.2.1"
      }
    },
    "path-to-regexp": {
      "version": "1.7.0",
      "resolved": "https://registry.npmjs.org/path-to-regexp/-/path-to-regexp-1.7.0.tgz",
      "integrity": "sha1-Wf3g9DW62suhA6hOnTvGTpa5k30=",
      "requires": {
        "isarray": "0.0.1"
      }
    },
    "promiz": {
      "version": "0.3.2",
      "resolved": "https://registry.npmjs.org/promiz/-/promiz-0.3.2.tgz",
      "integrity": "sha1-KRDUef9/qV5ICki3InOjsHuUbgo="
    },
    "require": {
      "version": "2.4.20",
      "resolved": "https://registry.npmjs.org/require/-/require-2.4.20.tgz",
      "integrity": "sha1-Zstrqqu2XeinHXk/XGX9GE83mLY=",
      "requires": {
        "std": "0.1.40",
        "uglify-js": "2.3.0"
      }
    },
    "source-map": {
      "version": "0.1.43",
      "resolved": "https://registry.npmjs.org/source-map/-/source-map-0.1.43.tgz",
      "integrity": "sha1-wkvBRspRfBRx9drL4lcbK3+eM0Y=",
      "requires": {
        "amdefine": "1.0.1"
      }
    },
    "std": {
      "version": "0.1.40",
      "resolved": "https://registry.npmjs.org/std/-/std-0.1.40.tgz",
      "integrity": "sha1-Nnil9lCU2eG2teJu2/wCErg0K3E="
    },
    "tslib": {
      "version": "1.7.1",
      "resolved": "https://registry.npmjs.org/tslib/-/tslib-1.7.1.tgz",
      "integrity": "sha1-vIAEFkaRkjp5/oN4u+s9ogF1OOw="
    },
    "typescript": {
      "version": "2.4.2",
      "resolved": "https://registry.npmjs.org/typescript/-/typescript-2.4.2.tgz",
      "integrity": "sha1-+DlfhdRZJ2BnyYiqQYN6j4KHCEQ="
    },
    "uglify-js": {
      "version": "2.3.0",
      "resolved": "https://registry.npmjs.org/uglify-js/-/uglify-js-2.3.0.tgz",
      "integrity": "sha1-LN7BbTeKiituz7aYl4TPi3rlSR8=",
      "requires": {
        "async": "0.2.10",
        "optimist": "0.3.7",
        "source-map": "0.1.43"
      }
    },
    "wordwrap": {
      "version": "0.0.3",
      "resolved": "https://registry.npmjs.org/wordwrap/-/wordwrap-0.0.3.tgz",
      "integrity": "sha1-o9XabNXAvAAI03I0u68b7WMFkQc="
    }
  }
}
